
Microsoft Visual Studio Solution File, Format Version 12.00
# Visual Studio 2013
VisualStudioVersion = 12.0.31101.0
MinimumVisualStudioVersion = 10.0.40219.1
Project("{FAE04EC0-301F-11D3-BF4B-00C04F79EFBC}") = "gh-pages", "gh-pages\gh-pages.csproj", "{1F81A112-5D66-41E6-9AE0-2E13DE9ED60D}"
EndProject
Global
	GlobalSection(SolutionConfigurationPlatforms) = preSolution
		Debug|Any CPU = Debug|Any CPU
		Release|Any CPU = Release|Any CPU
	EndGlobalSection
	GlobalSection(ProjectConfigurationPlatforms) = postSolution
		{1F81A112-5D66-41E6-9AE0-2E13DE9ED60D}.Debug|Any CPU.ActiveCfg = Debug|Any CPU
		{1F81A112-5D66-41E6-9AE0-2E13DE9ED60D}.Debug|Any CPU.Build.0 = Debug|Any CPU
		{1F81A112-5D66-41E6-9AE0-2E13DE9ED60D}.Release|Any CPU.ActiveCfg = Release|Any CPU
		{1F81A112-5D66-41E6-9AE0-2E13DE9ED60D}.Release|Any CPU.Build.0 = Release|Any CPU
	EndGlobalSection
	GlobalSection(SolutionProperties) = preSolution
		HideSolutionNode = FALSE
	EndGlobalSection
EndGlobal
